{
  "name": "@holoviz/geoviews",
  "version": "1.12.0-a.2",
  "lockfileVersion": 2,
  "requires": true,
  "packages": {
    "": {
      "name": "@holoviz/geoviews",
      "version": "1.12.0-a.2",
      "license": "BSD-3-Clause",
      "dependencies": {
        "@bokeh/bokehjs": "~3.4.0"
      },
      "devDependencies": {}
    },
    "node_modules/@babel/runtime": {
      "version": "7.24.1",
      "resolved": "https://registry.npmjs.org/@babel/runtime/-/runtime-7.24.1.tgz",
      "integrity": "sha512-+BIznRzyqBf+2wCTxcKE3wDjfGeCoVE61KSHGpkzqrLi8qxqFwBeUFyId2cxkTmm55fzDGnm0+yCxaxygrLUnQ==",
      "dependencies": {
        "regenerator-runtime": "^0.14.0"
      },
      "engines": {
        "node": ">=6.9.0"
      }
    },
    "node_modules/@bokeh/bokehjs": {
      "version": "3.4.0",
      "resolved": "https://registry.npmjs.org/@bokeh/bokehjs/-/bokehjs-3.4.0.tgz",
      "integrity": "sha512-gLqkj0RWuiGpgShqEgOHCPw0VtgAtPTCMldJA7AGdsamxFJsIyEnnybBtMcTYpDqjgMjQ/+1Kk7MOREY72gKRA==",
      "dependencies": {
        "@bokeh/numbro": "^1.6.2",
        "@bokeh/slickgrid": "~2.4.4103",
        "@types/geojson": "^7946.0.13",
        "@types/google.maps": "^3.54.10",
        "@types/proj4": "^2.5.5",
        "@types/sprintf-js": "^1.1.4",
        "choices.js": "^10.2.0",
        "flatbush": "^4.2.0",
        "flatpickr": "^4.6.13",
        "mathjax-full": "^3.2.2",
        "nouislider": "^15.7.1",
        "proj4": "^2.9.2",
        "regl": "^2.1.0",
        "sprintf-js": "^1.1.3",
        "timezone": "^1.0.23",
        "tslib": "^2.6.2",
        "underscore.template": "^0.1.7"
      },
      "engines": {
        "node": ">=16.0",
        "npm": ">=8.0"
      }
    },
    "node_modules/@bokeh/numbro": {
      "version": "1.6.2",
      "resolved": "https://registry.npmjs.org/@bokeh/numbro/-/numbro-1.6.2.tgz",
      "integrity": "sha512-owIECPc3T3QXHCb2v5Ez+/uE9SIxI7N4nd9iFlWnfBrOelr0/omvFn09VisRn37AAFAY39sJiCVgECwryHWUPA==",
      "engines": {
        "node": "*"
      }
    },
    "node_modules/@bokeh/slickgrid": {
      "version": "2.4.4103",
      "resolved": "https://registry.npmjs.org/@bokeh/slickgrid/-/slickgrid-2.4.4103.tgz",
      "integrity": "sha512-wPitQJNUNUHw+86BPemvb1kIuV6UB4CpjEEDIXpU8G6Jges+8nx/iGHW8w9BwvICdeyhAmfX9Hmn5vRJMbe+uw==",
      "dependencies": {
        "@types/slickgrid": "^2.1.30",
        "jquery": ">=3.4.0",
        "jquery-ui": ">=1.8.0",
        "tslib": "^1.10.0"
      }
    },
    "node_modules/@bokeh/slickgrid/node_modules/tslib": {
      "version": "1.14.1",
      "resolved": "https://registry.npmjs.org/tslib/-/tslib-1.14.1.tgz",
      "integrity": "sha512-Xni35NKzjgMrwevysHTCArtLDpPvye8zV/0E4EyYn43P7/7qvQwPh9BGkHewbMulVntbigmcT7rdX3BNo9wRJg=="
    },
    "node_modules/@types/geojson": {
      "version": "7946.0.14",
      "resolved": "https://registry.npmjs.org/@types/geojson/-/geojson-7946.0.14.tgz",
      "integrity": "sha512-WCfD5Ht3ZesJUsONdhvm84dmzWOiOzOAqOncN0++w0lBw1o8OuDNJF2McvvCef/yBqb/HYRahp1BYtODFQ8bRg=="
    },
    "node_modules/@types/google.maps": {
      "version": "3.55.5",
      "resolved": "https://registry.npmjs.org/@types/google.maps/-/google.maps-3.55.5.tgz",
      "integrity": "sha512-U1QwCo1GeeLm0YI/GoHvfd1VfwgnoUSBcKCMXXFAM+2izSSuqqwZUJ9XNO6NxZxmYKjBNI+NF5eGF6uUSb1aSg=="
    },
    "node_modules/@types/jquery": {
      "version": "3.5.29",
      "resolved": "https://registry.npmjs.org/@types/jquery/-/jquery-3.5.29.tgz",
      "integrity": "sha512-oXQQC9X9MOPRrMhPHHOsXqeQDnWeCDT3PelUIg/Oy8FAbzSZtFHRjc7IpbfFVmpLtJ+UOoywpRsuO5Jxjybyeg==",
      "dependencies": {
        "@types/sizzle": "*"
      }
    },
    "node_modules/@types/proj4": {
      "version": "2.5.5",
      "resolved": "https://registry.npmjs.org/@types/proj4/-/proj4-2.5.5.tgz",
      "integrity": "sha512-y4tHUVVoMEOm2nxRLQ2/ET8upj/pBmoutGxFw2LZJTQWPgWXI+cbxVEUFFmIzr/bpFR83hGDOTSXX6HBeObvZA=="
    },
    "node_modules/@types/sizzle": {
      "version": "2.3.8",
      "resolved": "https://registry.npmjs.org/@types/sizzle/-/sizzle-2.3.8.tgz",
      "integrity": "sha512-0vWLNK2D5MT9dg0iOo8GlKguPAU02QjmZitPEsXRuJXU/OGIOt9vT9Fc26wtYuavLxtO45v9PGleoL9Z0k1LHg=="
    },
    "node_modules/@types/slickgrid": {
      "version": "2.1.40",
      "resolved": "https://registry.npmjs.org/@types/slickgrid/-/slickgrid-2.1.40.tgz",
      "integrity": "sha512-+HWaipRr4bw0cy4eS8PCWxo+Fi66aL+mh36unRLAWtatAvMnxpldTKfpe9T7zdNtgN+rq+/faux3JzFR1mj/dg==",
      "dependencies": {
        "@types/jquery": "*"
      }
    },
    "node_modules/@types/sprintf-js": {
      "version": "1.1.4",
      "resolved": "https://registry.npmjs.org/@types/sprintf-js/-/sprintf-js-1.1.4.tgz",
      "integrity": "sha512-aWK1reDYWxcjgcIIPmQi3u+OQDuYa9b+lr6eIsGWrekJ9vr1NSjr4Eab8oQ1iKuH1ltFHpXGyerAv1a3FMKxzQ=="
    },
    "node_modules/choices.js": {
      "version": "10.2.0",
      "resolved": "https://registry.npmjs.org/choices.js/-/choices.js-10.2.0.tgz",
      "integrity": "sha512-8PKy6wq7BMjNwDTZwr3+Zry6G2+opJaAJDDA/j3yxvqSCnvkKe7ZIFfIyOhoc7htIWFhsfzF9tJpGUATcpUtPg==",
      "dependencies": {
        "deepmerge": "^4.2.2",
        "fuse.js": "^6.6.2",
        "redux": "^4.2.0"
      }
    },
    "node_modules/commander": {
      "version": "9.2.0",
      "resolved": "https://registry.npmjs.org/commander/-/commander-9.2.0.tgz",
      "integrity": "sha512-e2i4wANQiSXgnrBlIatyHtP1odfUp0BbV5Y5nEGbxtIrStkEOAAzCUirvLBNXHLr7kwLvJl6V+4V3XV9x7Wd9w==",
      "engines": {
        "node": "^12.20.0 || >=14"
      }
    },
    "node_modules/deepmerge": {
      "version": "4.3.1",
      "resolved": "https://registry.npmjs.org/deepmerge/-/deepmerge-4.3.1.tgz",
      "integrity": "sha512-3sUqbMEc77XqpdNO7FRyRog+eW3ph+GYCbj+rK+uYyRMuwsVy0rMiVtPn+QJlKFvWP/1PYpapqYn0Me2knFn+A==",
      "engines": {
        "node": ">=0.10.0"
      }
    },
    "node_modules/esm": {
      "version": "3.2.25",
      "resolved": "https://registry.npmjs.org/esm/-/esm-3.2.25.tgz",
      "integrity": "sha512-U1suiZ2oDVWv4zPO56S0NcR5QriEahGtdN2OR6FiOG4WJvcjBVFB0qI4+eKoWFH483PKGuLuu6V8Z4T5g63UVA==",
      "engines": {
        "node": ">=6"
      }
    },
    "node_modules/flatbush": {
      "version": "4.4.0",
      "resolved": "https://registry.npmjs.org/flatbush/-/flatbush-4.4.0.tgz",
      "integrity": "sha512-cf6G+sfy/+/FLH7Ls1URQ5GCRlXgwgqUZiEsMNrMZqb3Us3EkKmzUlKbnyoBy/4wI4oLJ+8cyCQoKJIVm92Fmg==",
      "dependencies": {
        "flatqueue": "^2.0.3"
      }
    },
    "node_modules/flatpickr": {
      "version": "4.6.13",
      "resolved": "https://registry.npmjs.org/flatpickr/-/flatpickr-4.6.13.tgz",
      "integrity": "sha512-97PMG/aywoYpB4IvbvUJi0RQi8vearvU0oov1WW3k0WZPBMrTQVqekSX5CjSG/M4Q3i6A/0FKXC7RyAoAUUSPw=="
    },
    "node_modules/flatqueue": {
      "version": "2.0.3",
      "resolved": "https://registry.npmjs.org/flatqueue/-/flatqueue-2.0.3.tgz",
      "integrity": "sha512-RZCWZNkmxzUOh8jqEcEGZCycb3B8KAfpPwg3H//cURasunYxsg1eIvE+QDSjX+ZPHTIVfINfK1aLTrVKKO0i4g==",
      "engines": {
        "node": ">= 12.17.0"
      }
    },
    "node_modules/fuse.js": {
      "version": "6.6.2",
      "resolved": "https://registry.npmjs.org/fuse.js/-/fuse.js-6.6.2.tgz",
      "integrity": "sha512-cJaJkxCCxC8qIIcPBF9yGxY0W/tVZS3uEISDxhYIdtk8OL93pe+6Zj7LjCqVV4dzbqcriOZ+kQ/NE4RXZHsIGA==",
      "engines": {
        "node": ">=10"
      }
    },
    "node_modules/jquery": {
      "version": "3.7.1",
      "resolved": "https://registry.npmjs.org/jquery/-/jquery-3.7.1.tgz",
      "integrity": "sha512-m4avr8yL8kmFN8psrbFFFmB/If14iN5o9nw/NgnnM+kybDJpRsAynV2BsfpTYrTRysYUdADVD7CkUUizgkpLfg=="
    },
    "node_modules/jquery-ui": {
      "version": "1.13.2",
      "resolved": "https://registry.npmjs.org/jquery-ui/-/jquery-ui-1.13.2.tgz",
      "integrity": "sha512-wBZPnqWs5GaYJmo1Jj0k/mrSkzdQzKDwhXNtHKcBdAcKVxMM3KNYFq+iJ2i1rwiG53Z8M4mTn3Qxrm17uH1D4Q==",
      "dependencies": {
        "jquery": ">=1.8.0 <4.0.0"
      }
    },
    "node_modules/mathjax-full": {
      "version": "3.2.2",
      "resolved": "https://registry.npmjs.org/mathjax-full/-/mathjax-full-3.2.2.tgz",
      "integrity": "sha512-+LfG9Fik+OuI8SLwsiR02IVdjcnRCy5MufYLi0C3TdMT56L/pjB0alMVGgoWJF8pN9Rc7FESycZB9BMNWIid5w==",
      "dependencies": {
        "esm": "^3.2.25",
        "mhchemparser": "^4.1.0",
        "mj-context-menu": "^0.6.1",
        "speech-rule-engine": "^4.0.6"
      }
    },
    "node_modules/mgrs": {
      "version": "1.0.0",
      "resolved": "https://registry.npmjs.org/mgrs/-/mgrs-1.0.0.tgz",
      "integrity": "sha512-awNbTOqCxK1DBGjalK3xqWIstBZgN6fxsMSiXLs9/spqWkF2pAhb2rrYCFSsr1/tT7PhcDGjZndG8SWYn0byYA=="
    },
    "node_modules/mhchemparser": {
      "version": "4.2.1",
      "resolved": "https://registry.npmjs.org/mhchemparser/-/mhchemparser-4.2.1.tgz",
      "integrity": "sha512-kYmyrCirqJf3zZ9t/0wGgRZ4/ZJw//VwaRVGA75C4nhE60vtnIzhl9J9ndkX/h6hxSN7pjg/cE0VxbnNM+bnDQ=="
    },
    "node_modules/mj-context-menu": {
      "version": "0.6.1",
      "resolved": "https://registry.npmjs.org/mj-context-menu/-/mj-context-menu-0.6.1.tgz",
      "integrity": "sha512-7NO5s6n10TIV96d4g2uDpG7ZDpIhMh0QNfGdJw/W47JswFcosz457wqz/b5sAKvl12sxINGFCn80NZHKwxQEXA=="
    },
    "node_modules/nouislider": {
      "version": "15.7.1",
      "resolved": "https://registry.npmjs.org/nouislider/-/nouislider-15.7.1.tgz",
      "integrity": "sha512-5N7C1ru/i8y3dg9+Z6ilj6+m1EfabvOoaRa7ztpxBSKKRZso4vA52DGSbBJjw5XLtFr/LZ9SgGAXqyVtlVHO5w=="
    },
    "node_modules/proj4": {
      "version": "2.10.0",
      "resolved": "https://registry.npmjs.org/proj4/-/proj4-2.10.0.tgz",
      "integrity": "sha512-0eyB8h1PDoWxucnq88/EZqt7UZlvjhcfbXCcINpE7hqRN0iRPWE/4mXINGulNa/FAvK+Ie7F+l2OxH/0uKV36A==",
      "dependencies": {
        "mgrs": "1.0.0",
        "wkt-parser": "^1.3.3"
      }
    },
    "node_modules/redux": {
      "version": "4.2.1",
      "resolved": "https://registry.npmjs.org/redux/-/redux-4.2.1.tgz",
      "integrity": "sha512-LAUYz4lc+Do8/g7aeRa8JkyDErK6ekstQaqWQrNRW//MY1TvCEpMtpTWvlQ+FPbWCx+Xixu/6SHt5N0HR+SB4w==",
      "dependencies": {
        "@babel/runtime": "^7.9.2"
      }
    },
    "node_modules/regenerator-runtime": {
      "version": "0.14.1",
      "resolved": "https://registry.npmjs.org/regenerator-runtime/-/regenerator-runtime-0.14.1.tgz",
      "integrity": "sha512-dYnhHh0nJoMfnkZs6GmmhFknAGRrLznOu5nc9ML+EJxGvrx6H7teuevqVqCuPcPK//3eDrrjQhehXVx9cnkGdw=="
    },
    "node_modules/regl": {
      "version": "2.1.0",
      "resolved": "https://registry.npmjs.org/regl/-/regl-2.1.0.tgz",
      "integrity": "sha512-oWUce/aVoEvW5l2V0LK7O5KJMzUSKeiOwFuJehzpSFd43dO5spP9r+sSUfhKtsky4u6MCqWJaRL+abzExynfTg=="
    },
    "node_modules/speech-rule-engine": {
      "version": "4.0.7",
      "resolved": "https://registry.npmjs.org/speech-rule-engine/-/speech-rule-engine-4.0.7.tgz",
      "integrity": "sha512-sJrL3/wHzNwJRLBdf6CjJWIlxC04iYKkyXvYSVsWVOiC2DSkHmxsqOhEeMsBA9XK+CHuNcsdkbFDnoUfAsmp9g==",
      "dependencies": {
        "commander": "9.2.0",
        "wicked-good-xpath": "1.3.0",
        "xmldom-sre": "0.1.31"
      },
      "bin": {
        "sre": "bin/sre"
      }
    },
    "node_modules/sprintf-js": {
      "version": "1.1.3",
      "resolved": "https://registry.npmjs.org/sprintf-js/-/sprintf-js-1.1.3.tgz",
      "integrity": "sha512-Oo+0REFV59/rz3gfJNKQiBlwfHaSESl1pcGyABQsnnIfWOFt6JNj5gCog2U6MLZ//IGYD+nA8nI+mTShREReaA=="
    },
    "node_modules/timezone": {
      "version": "1.0.23",
      "resolved": "https://registry.npmjs.org/timezone/-/timezone-1.0.23.tgz",
      "integrity": "sha512-yhQgk6qmSLB+TF8HGmApZAVI5bfzR1CoKUGr+WMZWmx75ED1uDewAZA8QMGCQ70TEv4GmM8pDB9jrHuxdaQ1PA=="
    },
    "node_modules/tslib": {
      "version": "2.6.2",
      "resolved": "https://registry.npmjs.org/tslib/-/tslib-2.6.2.tgz",
      "integrity": "sha512-AEYxH93jGFPn/a2iVAwW87VuUIkR1FVUKB77NwMF7nBTDkDrrT/Hpt/IrCJ0QXhW27jTBDcf5ZY7w6RiqTMw2Q=="
    },
    "node_modules/underscore.template": {
      "version": "0.1.7",
      "resolved": "https://registry.npmjs.org/underscore.template/-/underscore.template-0.1.7.tgz",
      "integrity": "sha512-wQ25n9/J0Olo3A92QDbSCkD04FKRrjVOn6wooaFDKsrmV9alkc7vZ3MmldbVo4NbJCk9ycWSEcfGn4NzFZIcvA=="
    },
    "node_modules/wicked-good-xpath": {
      "version": "1.3.0",
      "resolved": "https://registry.npmjs.org/wicked-good-xpath/-/wicked-good-xpath-1.3.0.tgz",
      "integrity": "sha512-Gd9+TUn5nXdwj/hFsPVx5cuHHiF5Bwuc30jZ4+ronF1qHK5O7HD0sgmXWSEgwKquT3ClLoKPVbO6qGwVwLzvAw=="
    },
    "node_modules/wkt-parser": {
      "version": "1.3.3",
      "resolved": "https://registry.npmjs.org/wkt-parser/-/wkt-parser-1.3.3.tgz",
      "integrity": "sha512-ZnV3yH8/k58ZPACOXeiHaMuXIiaTk1t0hSUVisbO0t4RjA5wPpUytcxeyiN2h+LZRrmuHIh/1UlrR9e7DHDvTw=="
    },
    "node_modules/xmldom-sre": {
      "version": "0.1.31",
      "resolved": "https://registry.npmjs.org/xmldom-sre/-/xmldom-sre-0.1.31.tgz",
      "integrity": "sha512-f9s+fUkX04BxQf+7mMWAp5zk61pciie+fFLC9hX9UVvCeJQfNHRHXpeo5MPcR0EUf57PYLdt+ZO4f3Ipk2oZUw==",
      "engines": {
        "node": ">=0.1"
      }
    }
  },
  "dependencies": {
    "@babel/runtime": {
      "version": "7.24.1",
      "resolved": "https://registry.npmjs.org/@babel/runtime/-/runtime-7.24.1.tgz",
      "integrity": "sha512-+BIznRzyqBf+2wCTxcKE3wDjfGeCoVE61KSHGpkzqrLi8qxqFwBeUFyId2cxkTmm55fzDGnm0+yCxaxygrLUnQ==",
      "requires": {
        "regenerator-runtime": "^0.14.0"
      }
    },
    "@bokeh/bokehjs": {
      "version": "3.4.0",
      "resolved": "https://registry.npmjs.org/@bokeh/bokehjs/-/bokehjs-3.4.0.tgz",
      "integrity": "sha512-gLqkj0RWuiGpgShqEgOHCPw0VtgAtPTCMldJA7AGdsamxFJsIyEnnybBtMcTYpDqjgMjQ/+1Kk7MOREY72gKRA==",
      "requires": {
        "@bokeh/numbro": "^1.6.2",
        "@bokeh/slickgrid": "~2.4.4103",
        "@types/geojson": "^7946.0.13",
        "@types/google.maps": "^3.54.10",
        "@types/proj4": "^2.5.5",
        "@types/sprintf-js": "^1.1.4",
        "choices.js": "^10.2.0",
        "flatbush": "^4.2.0",
        "flatpickr": "^4.6.13",
        "mathjax-full": "^3.2.2",
        "nouislider": "^15.7.1",
        "proj4": "^2.9.2",
        "regl": "^2.1.0",
        "sprintf-js": "^1.1.3",
        "timezone": "^1.0.23",
        "tslib": "^2.6.2",
        "underscore.template": "^0.1.7"
      }
    },
    "@bokeh/numbro": {
      "version": "1.6.2",
      "resolved": "https://registry.npmjs.org/@bokeh/numbro/-/numbro-1.6.2.tgz",
      "integrity": "sha512-owIECPc3T3QXHCb2v5Ez+/uE9SIxI7N4nd9iFlWnfBrOelr0/omvFn09VisRn37AAFAY39sJiCVgECwryHWUPA=="
    },
    "@bokeh/slickgrid": {
      "version": "2.4.4103",
      "resolved": "https://registry.npmjs.org/@bokeh/slickgrid/-/slickgrid-2.4.4103.tgz",
      "integrity": "sha512-wPitQJNUNUHw+86BPemvb1kIuV6UB4CpjEEDIXpU8G6Jges+8nx/iGHW8w9BwvICdeyhAmfX9Hmn5vRJMbe+uw==",
      "requires": {
        "@types/slickgrid": "^2.1.30",
        "jquery": ">=3.4.0",
        "jquery-ui": ">=1.8.0",
        "tslib": "^1.10.0"
      },
      "dependencies": {
        "tslib": {
          "version": "1.14.1",
          "resolved": "https://registry.npmjs.org/tslib/-/tslib-1.14.1.tgz",
          "integrity": "sha512-Xni35NKzjgMrwevysHTCArtLDpPvye8zV/0E4EyYn43P7/7qvQwPh9BGkHewbMulVntbigmcT7rdX3BNo9wRJg=="
        }
      }
    },
    "@types/geojson": {
      "version": "7946.0.14",
      "resolved": "https://registry.npmjs.org/@types/geojson/-/geojson-7946.0.14.tgz",
      "integrity": "sha512-WCfD5Ht3ZesJUsONdhvm84dmzWOiOzOAqOncN0++w0lBw1o8OuDNJF2McvvCef/yBqb/HYRahp1BYtODFQ8bRg=="
    },
    "@types/google.maps": {
      "version": "3.55.5",
      "resolved": "https://registry.npmjs.org/@types/google.maps/-/google.maps-3.55.5.tgz",
      "integrity": "sha512-U1QwCo1GeeLm0YI/GoHvfd1VfwgnoUSBcKCMXXFAM+2izSSuqqwZUJ9XNO6NxZxmYKjBNI+NF5eGF6uUSb1aSg=="
    },
    "@types/jquery": {
      "version": "3.5.29",
      "resolved": "https://registry.npmjs.org/@types/jquery/-/jquery-3.5.29.tgz",
      "integrity": "sha512-oXQQC9X9MOPRrMhPHHOsXqeQDnWeCDT3PelUIg/Oy8FAbzSZtFHRjc7IpbfFVmpLtJ+UOoywpRsuO5Jxjybyeg==",
      "requires": {
        "@types/sizzle": "*"
      }
    },
    "@types/proj4": {
      "version": "2.5.5",
      "resolved": "https://registry.npmjs.org/@types/proj4/-/proj4-2.5.5.tgz",
      "integrity": "sha512-y4tHUVVoMEOm2nxRLQ2/ET8upj/pBmoutGxFw2LZJTQWPgWXI+cbxVEUFFmIzr/bpFR83hGDOTSXX6HBeObvZA=="
    },
    "@types/sizzle": {
      "version": "2.3.8",
      "resolved": "https://registry.npmjs.org/@types/sizzle/-/sizzle-2.3.8.tgz",
      "integrity": "sha512-0vWLNK2D5MT9dg0iOo8GlKguPAU02QjmZitPEsXRuJXU/OGIOt9vT9Fc26wtYuavLxtO45v9PGleoL9Z0k1LHg=="
    },
    "@types/slickgrid": {
      "version": "2.1.40",
      "resolved": "https://registry.npmjs.org/@types/slickgrid/-/slickgrid-2.1.40.tgz",
      "integrity": "sha512-+HWaipRr4bw0cy4eS8PCWxo+Fi66aL+mh36unRLAWtatAvMnxpldTKfpe9T7zdNtgN+rq+/faux3JzFR1mj/dg==",
      "requires": {
        "@types/jquery": "*"
      }
    },
    "@types/sprintf-js": {
      "version": "1.1.4",
      "resolved": "https://registry.npmjs.org/@types/sprintf-js/-/sprintf-js-1.1.4.tgz",
      "integrity": "sha512-aWK1reDYWxcjgcIIPmQi3u+OQDuYa9b+lr6eIsGWrekJ9vr1NSjr4Eab8oQ1iKuH1ltFHpXGyerAv1a3FMKxzQ=="
    },
    "choices.js": {
      "version": "10.2.0",
      "resolved": "https://registry.npmjs.org/choices.js/-/choices.js-10.2.0.tgz",
      "integrity": "sha512-8PKy6wq7BMjNwDTZwr3+Zry6G2+opJaAJDDA/j3yxvqSCnvkKe7ZIFfIyOhoc7htIWFhsfzF9tJpGUATcpUtPg==",
      "requires": {
        "deepmerge": "^4.2.2",
        "fuse.js": "^6.6.2",
        "redux": "^4.2.0"
      }
    },
    "commander": {
      "version": "9.2.0",
      "resolved": "https://registry.npmjs.org/commander/-/commander-9.2.0.tgz",
      "integrity": "sha512-e2i4wANQiSXgnrBlIatyHtP1odfUp0BbV5Y5nEGbxtIrStkEOAAzCUirvLBNXHLr7kwLvJl6V+4V3XV9x7Wd9w=="
    },
    "deepmerge": {
      "version": "4.3.1",
      "resolved": "https://registry.npmjs.org/deepmerge/-/deepmerge-4.3.1.tgz",
      "integrity": "sha512-3sUqbMEc77XqpdNO7FRyRog+eW3ph+GYCbj+rK+uYyRMuwsVy0rMiVtPn+QJlKFvWP/1PYpapqYn0Me2knFn+A=="
    },
    "esm": {
      "version": "3.2.25",
      "resolved": "https://registry.npmjs.org/esm/-/esm-3.2.25.tgz",
      "integrity": "sha512-U1suiZ2oDVWv4zPO56S0NcR5QriEahGtdN2OR6FiOG4WJvcjBVFB0qI4+eKoWFH483PKGuLuu6V8Z4T5g63UVA=="
    },
    "flatbush": {
      "version": "4.4.0",
      "resolved": "https://registry.npmjs.org/flatbush/-/flatbush-4.4.0.tgz",
      "integrity": "sha512-cf6G+sfy/+/FLH7Ls1URQ5GCRlXgwgqUZiEsMNrMZqb3Us3EkKmzUlKbnyoBy/4wI4oLJ+8cyCQoKJIVm92Fmg==",
      "requires": {
        "flatqueue": "^2.0.3"
      }
    },
    "flatpickr": {
      "version": "4.6.13",
      "resolved": "https://registry.npmjs.org/flatpickr/-/flatpickr-4.6.13.tgz",
      "integrity": "sha512-97PMG/aywoYpB4IvbvUJi0RQi8vearvU0oov1WW3k0WZPBMrTQVqekSX5CjSG/M4Q3i6A/0FKXC7RyAoAUUSPw=="
    },
    "flatqueue": {
      "version": "2.0.3",
      "resolved": "https://registry.npmjs.org/flatqueue/-/flatqueue-2.0.3.tgz",
      "integrity": "sha512-RZCWZNkmxzUOh8jqEcEGZCycb3B8KAfpPwg3H//cURasunYxsg1eIvE+QDSjX+ZPHTIVfINfK1aLTrVKKO0i4g=="
    },
    "fuse.js": {
      "version": "6.6.2",
      "resolved": "https://registry.npmjs.org/fuse.js/-/fuse.js-6.6.2.tgz",
      "integrity": "sha512-cJaJkxCCxC8qIIcPBF9yGxY0W/tVZS3uEISDxhYIdtk8OL93pe+6Zj7LjCqVV4dzbqcriOZ+kQ/NE4RXZHsIGA=="
    },
    "jquery": {
      "version": "3.7.1",
      "resolved": "https://registry.npmjs.org/jquery/-/jquery-3.7.1.tgz",
      "integrity": "sha512-m4avr8yL8kmFN8psrbFFFmB/If14iN5o9nw/NgnnM+kybDJpRsAynV2BsfpTYrTRysYUdADVD7CkUUizgkpLfg=="
    },
    "jquery-ui": {
      "version": "1.13.2",
      "resolved": "https://registry.npmjs.org/jquery-ui/-/jquery-ui-1.13.2.tgz",
      "integrity": "sha512-wBZPnqWs5GaYJmo1Jj0k/mrSkzdQzKDwhXNtHKcBdAcKVxMM3KNYFq+iJ2i1rwiG53Z8M4mTn3Qxrm17uH1D4Q==",
      "requires": {
        "jquery": ">=1.8.0 <4.0.0"
      }
    },
    "mathjax-full": {
      "version": "3.2.2",
      "resolved": "https://registry.npmjs.org/mathjax-full/-/mathjax-full-3.2.2.tgz",
      "integrity": "sha512-+LfG9Fik+OuI8SLwsiR02IVdjcnRCy5MufYLi0C3TdMT56L/pjB0alMVGgoWJF8pN9Rc7FESycZB9BMNWIid5w==",
      "requires": {
        "esm": "^3.2.25",
        "mhchemparser": "^4.1.0",
        "mj-context-menu": "^0.6.1",
        "speech-rule-engine": "^4.0.6"
      }
    },
    "mgrs": {
      "version": "1.0.0",
      "resolved": "https://registry.npmjs.org/mgrs/-/mgrs-1.0.0.tgz",
      "integrity": "sha512-awNbTOqCxK1DBGjalK3xqWIstBZgN6fxsMSiXLs9/spqWkF2pAhb2rrYCFSsr1/tT7PhcDGjZndG8SWYn0byYA=="
    },
    "mhchemparser": {
      "version": "4.2.1",
      "resolved": "https://registry.npmjs.org/mhchemparser/-/mhchemparser-4.2.1.tgz",
      "integrity": "sha512-kYmyrCirqJf3zZ9t/0wGgRZ4/ZJw//VwaRVGA75C4nhE60vtnIzhl9J9ndkX/h6hxSN7pjg/cE0VxbnNM+bnDQ=="
    },
    "mj-context-menu": {
      "version": "0.6.1",
      "resolved": "https://registry.npmjs.org/mj-context-menu/-/mj-context-menu-0.6.1.tgz",
      "integrity": "sha512-7NO5s6n10TIV96d4g2uDpG7ZDpIhMh0QNfGdJw/W47JswFcosz457wqz/b5sAKvl12sxINGFCn80NZHKwxQEXA=="
    },
    "nouislider": {
      "version": "15.7.1",
      "resolved": "https://registry.npmjs.org/nouislider/-/nouislider-15.7.1.tgz",
      "integrity": "sha512-5N7C1ru/i8y3dg9+Z6ilj6+m1EfabvOoaRa7ztpxBSKKRZso4vA52DGSbBJjw5XLtFr/LZ9SgGAXqyVtlVHO5w=="
    },
    "proj4": {
      "version": "2.10.0",
      "resolved": "https://registry.npmjs.org/proj4/-/proj4-2.10.0.tgz",
      "integrity": "sha512-0eyB8h1PDoWxucnq88/EZqt7UZlvjhcfbXCcINpE7hqRN0iRPWE/4mXINGulNa/FAvK+Ie7F+l2OxH/0uKV36A==",
      "requires": {
        "mgrs": "1.0.0",
        "wkt-parser": "^1.3.3"
      }
    },
    "redux": {
      "version": "4.2.1",
      "resolved": "https://registry.npmjs.org/redux/-/redux-4.2.1.tgz",
      "integrity": "sha512-LAUYz4lc+Do8/g7aeRa8JkyDErK6ekstQaqWQrNRW//MY1TvCEpMtpTWvlQ+FPbWCx+Xixu/6SHt5N0HR+SB4w==",
      "requires": {
        "@babel/runtime": "^7.9.2"
      }
    },
    "regenerator-runtime": {
      "version": "0.14.1",
      "resolved": "https://registry.npmjs.org/regenerator-runtime/-/regenerator-runtime-0.14.1.tgz",
      "integrity": "sha512-dYnhHh0nJoMfnkZs6GmmhFknAGRrLznOu5nc9ML+EJxGvrx6H7teuevqVqCuPcPK//3eDrrjQhehXVx9cnkGdw=="
    },
    "regl": {
      "version": "2.1.0",
      "resolved": "https://registry.npmjs.org/regl/-/regl-2.1.0.tgz",
      "integrity": "sha512-oWUce/aVoEvW5l2V0LK7O5KJMzUSKeiOwFuJehzpSFd43dO5spP9r+sSUfhKtsky4u6MCqWJaRL+abzExynfTg=="
    },
    "speech-rule-engine": {
      "version": "4.0.7",
      "resolved": "https://registry.npmjs.org/speech-rule-engine/-/speech-rule-engine-4.0.7.tgz",
      "integrity": "sha512-sJrL3/wHzNwJRLBdf6CjJWIlxC04iYKkyXvYSVsWVOiC2DSkHmxsqOhEeMsBA9XK+CHuNcsdkbFDnoUfAsmp9g==",
      "requires": {
        "commander": "9.2.0",
        "wicked-good-xpath": "1.3.0",
        "xmldom-sre": "0.1.31"
      }
    },
    "sprintf-js": {
      "version": "1.1.3",
      "resolved": "https://registry.npmjs.org/sprintf-js/-/sprintf-js-1.1.3.tgz",
      "integrity": "sha512-Oo+0REFV59/rz3gfJNKQiBlwfHaSESl1pcGyABQsnnIfWOFt6JNj5gCog2U6MLZ//IGYD+nA8nI+mTShREReaA=="
    },
    "timezone": {
      "version": "1.0.23",
      "resolved": "https://registry.npmjs.org/timezone/-/timezone-1.0.23.tgz",
      "integrity": "sha512-yhQgk6qmSLB+TF8HGmApZAVI5bfzR1CoKUGr+WMZWmx75ED1uDewAZA8QMGCQ70TEv4GmM8pDB9jrHuxdaQ1PA=="
    },
    "tslib": {
      "version": "2.6.2",
      "resolved": "https://registry.npmjs.org/tslib/-/tslib-2.6.2.tgz",
      "integrity": "sha512-AEYxH93jGFPn/a2iVAwW87VuUIkR1FVUKB77NwMF7nBTDkDrrT/Hpt/IrCJ0QXhW27jTBDcf5ZY7w6RiqTMw2Q=="
    },
    "underscore.template": {
      "version": "0.1.7",
      "resolved": "https://registry.npmjs.org/underscore.template/-/underscore.template-0.1.7.tgz",
      "integrity": "sha512-wQ25n9/J0Olo3A92QDbSCkD04FKRrjVOn6wooaFDKsrmV9alkc7vZ3MmldbVo4NbJCk9ycWSEcfGn4NzFZIcvA=="
    },
    "wicked-good-xpath": {
      "version": "1.3.0",
      "resolved": "https://registry.npmjs.org/wicked-good-xpath/-/wicked-good-xpath-1.3.0.tgz",
      "integrity": "sha512-Gd9+TUn5nXdwj/hFsPVx5cuHHiF5Bwuc30jZ4+ronF1qHK5O7HD0sgmXWSEgwKquT3ClLoKPVbO6qGwVwLzvAw=="
    },
    "wkt-parser": {
      "version": "1.3.3",
      "resolved": "https://registry.npmjs.org/wkt-parser/-/wkt-parser-1.3.3.tgz",
      "integrity": "sha512-ZnV3yH8/k58ZPACOXeiHaMuXIiaTk1t0hSUVisbO0t4RjA5wPpUytcxeyiN2h+LZRrmuHIh/1UlrR9e7DHDvTw=="
    },
    "xmldom-sre": {
      "version": "0.1.31",
      "resolved": "https://registry.npmjs.org/xmldom-sre/-/xmldom-sre-0.1.31.tgz",
      "integrity": "sha512-f9s+fUkX04BxQf+7mMWAp5zk61pciie+fFLC9hX9UVvCeJQfNHRHXpeo5MPcR0EUf57PYLdt+ZO4f3Ipk2oZUw=="
    }
  }
}
